Microsoft Visual Studio Solution File, Format Version 12.00
# Visual Studio Version 17
VisualStudioVersion = 17.0.31903.59
MinimumVisualStudioVersion = 10.0.40219.1
Project("{FAE04EC0-301F-11D3-BF4B-00C04F79EFBC}") = "GoCeph.RgwAdmin", "src/GoCeph.RgwAdmin/GoCeph.RgwAdmin.csproj", "{0B894C33-75DD-413F-BC22-CC2DFF58A18E}"
EndProject
Global
	GlobalSection(SolutionConfigurationPlatforms) = preSolution
		Debug|Any CPU = Debug|Any CPU
		Release|Any CPU = Release|Any CPU
	EndGlobalSection
	GlobalSection(ProjectConfigurationPlatforms) = postSolution
		{0B894C33-75DD-413F-BC22-CC2DFF58A18E}.Debug|Any CPU.ActiveCfg = Debug|Any CPU
		{0B894C33-75DD-413F-BC22-CC2DFF58A18E}.Debug|Any CPU.Build.0 = Debug|Any CPU
		{0B894C33-75DD-413F-BC22-CC2DFF58A18E}.Release|Any CPU.ActiveCfg = Release|Any CPU
		{0B894C33-75DD-413F-BC22-CC2DFF58A18E}.Release|Any CPU.Build.0 = Release|Any CPU
	EndGlobalSection
	GlobalSection(SolutionProperties) = preSolution
		HideSolutionNode = FALSE
	EndGlobalSection
	GlobalSection(ExtensibilityGlobals) = postSolution
		SolutionGuid = {36A6121B-D802-4C24-9914-0F0C38BAA242}
	EndGlobalSection
EndGlobal
